Microsoft Visual Studio Solution File, Format Version 12.00
# Visual Studio 15
VisualStudioVersion = 15.0.26430.14
MinimumVisualStudioVersion = 10.0.40219.1
Project("{FAE04EC0-301F-11D3-BF4B-00C04F79EFBC}") = "CalCopyLibrary", "CalCopyLibrary\CalCopyLibrary.csproj", "{0951E74A-9BAB-436E-B483-04316B6C5BEB}"
EndProject
Project("{D954291E-2A0B-460D-934E-DC6B0785DB48}") = "CopyCalendars", "CopyCalendars\CopyCalendars.shproj", "{66350F3F-0768-49DD-933B-573E599681E4}"
EndProject
Project("{FAE04EC0-301F-11D3-BF4B-00C04F79EFBC}") = "CopyCalendars.macOS", "CopyCalendars.macOS\CopyCalendars.macOS.csproj", "{A655A809-E5F3-4251-9298-4C124B13AD2C}"
EndProject
Global
	GlobalSection(SharedMSBuildProjectFiles) = preSolution
		CopyCalendars\CopyCalendars.projitems*{66350f3f-0768-49dd-933b-573e599681e4}*SharedItemsImports = 13
		CopyCalendars\CopyCalendars.projitems*{b25bfbca-0631-4fa7-8b95-ba4cf2bdb65d}*SharedItemsImports = 4
	EndGlobalSection
	GlobalSection(SolutionConfigurationPlatforms) = preSolution
		Debug|iPhone = Debug|iPhone
		Debug|iPhoneSimulator = Debug|iPhoneSimulator
		Release|iPhone = Release|iPhone
		Release|iPhoneSimulator = Release|iPhoneSimulator
	EndGlobalSection
	GlobalSection(ProjectConfigurationPlatforms) = postSolution
		{0951E74A-9BAB-436E-B483-04316B6C5BEB}.Debug|iPhone.ActiveCfg = Debug|Any CPU
		{0951E74A-9BAB-436E-B483-04316B6C5BEB}.Debug|iPhone.Build.0 = Debug|Any CPU
		{0951E74A-9BAB-436E-B483-04316B6C5BEB}.Debug|iPhoneSimulator.ActiveCfg = Debug|Any CPU
		{0951E74A-9BAB-436E-B483-04316B6C5BEB}.Debug|iPhoneSimulator.Build.0 = Debug|Any CPU
		{0951E74A-9BAB-436E-B483-04316B6C5BEB}.Release|iPhone.ActiveCfg = Release|Any CPU
		{0951E74A-9BAB-436E-B483-04316B6C5BEB}.Release|iPhone.Build.0 = Release|Any CPU
		{0951E74A-9BAB-436E-B483-04316B6C5BEB}.Release|iPhoneSimulator.ActiveCfg = Release|Any CPU
		{0951E74A-9BAB-436E-B483-04316B6C5BEB}.Release|iPhoneSimulator.Build.0 = Release|Any CPU
		{A655A809-E5F3-4251-9298-4C124B13AD2C}.Debug|iPhone.ActiveCfg = Debug|iPhoneSimulator
		{A655A809-E5F3-4251-9298-4C124B13AD2C}.Debug|iPhone.Build.0 = Debug|iPhoneSimulator
		{A655A809-E5F3-4251-9298-4C124B13AD2C}.Debug|iPhoneSimulator.ActiveCfg = Debug|iPhoneSimulator
		{A655A809-E5F3-4251-9298-4C124B13AD2C}.Debug|iPhoneSimulator.Build.0 = Debug|iPhoneSimulator
		{A655A809-E5F3-4251-9298-4C124B13AD2C}.Release|iPhone.ActiveCfg = Release|iPhoneSimulator
		{A655A809-E5F3-4251-9298-4C124B13AD2C}.Release|iPhone.Build.0 = Release|iPhoneSimulator
		{A655A809-E5F3-4251-9298-4C124B13AD2C}.Release|iPhoneSimulator.ActiveCfg = Release|iPhoneSimulator
		{A655A809-E5F3-4251-9298-4C124B13AD2C}.Release|iPhoneSimulator.Build.0 = Release|iPhoneSimulator
	EndGlobalSection
	GlobalSection(SolutionProperties) = preSolution
		HideSolutionNode = FALSE
	EndGlobalSection
EndGlobal
